// !$*UTF8*$!
{
	archiveVersion = 1;
	classes = {
	};
	objectVersion = 50;
	objects = {

/* Begin PBXBuildFile section */
		1E30B33226A57FE00019CA0A /* BlitRenderer.swift in Sources */ = {isa = PBXBuildFile; fileRef = 1E30B33126A57FE00019CA0A /* BlitRenderer.swift */; };
		1E8671D726A4008E00B8F714 /* CVPixelBuffer+Ext.swift in Sources */ = {isa = PBXBuildFile; fileRef = 1E8671D626A4008E00B8F714 /* CVPixelBuffer+Ext.swift */; };
		1E8671D926A4025F00B8F714 /* ARFrame+Ext.swift in Sources */ = {isa = PBXBuildFile; fileRef = 1E8671D826A4025F00B8F714 /* ARFrame+Ext.swift */; };
		1E8671DB26A403A700B8F714 /* HumanStencilShaders.metal in Sources */ = {isa = PBXBuildFile; fileRef = 1E8671DA26A403A700B8F714 /* HumanStencilShaders.metal */; };
		1ED1C87426A2B1F900006E06 /* AppDelegate.swift in Sources */ = {isa = PBXBuildFile; fileRef = 1ED1C87326A2B1F900006E06 /* AppDelegate.swift */; };
		1ED1C87626A2B1F900006E06 /* SceneDelegate.swift in Sources */ = {isa = PBXBuildFile; fileRef = 1ED1C87526A2B1F900006E06 /* SceneDelegate.swift */; };
		1ED1C87826A2B1F900006E06 /* ViewController.swift in Sources */ = {isa = PBXBuildFile; fileRef = 1ED1C87726A2B1F900006E06 /* ViewController.swift */; };
		1ED1C87D26A2B1FB00006E06 /* Assets.xcassets in Resources */ = {isa = PBXBuildFile; fileRef = 1ED1C87C26A2B1FB00006E06 /* Assets.xcassets */; };
		1ED1C88026A2B1FB00006E06 /* LaunchScreen.storyboard in Resources */ = {isa = PBXBuildFile; fileRef = 1ED1C87E26A2B1FB00006E06 /* LaunchScreen.storyboard */; };
		1ED1C88B26A2B1FB00006E06 /* ARKitExamplesTests.swift in Sources */ = {isa = PBXBuildFile; fileRef = 1ED1C88A26A2B1FB00006E06 /* ARKitExamplesTests.swift */; };
		1ED1C89626A2B1FB00006E06 /* ARKitExamplesUITests.swift in Sources */ = {isa = PBXBuildFile; fileRef = 1ED1C89526A2B1FB00006E06 /* ARKitExamplesUITests.swift */; };
		1ED1C8A726A2B2EB00006E06 /* Main.storyboard in Resources */ = {isa = PBXBuildFile; fileRef = 1ED1C8A326A2B2EB00006E06 /* Main.storyboard */; };
		1ED1C8A826A2B2EB00006E06 /* MenuItemCell.swift in Sources */ = {isa = PBXBuildFile; fileRef = 1ED1C8A426A2B2EB00006E06 /* MenuItemCell.swift */; };
		1ED1C8A926A2B2EB00006E06 /* MenuViewController.swift in Sources */ = {isa = PBXBuildFile; fileRef = 1ED1C8A526A2B2EB00006E06 /* MenuViewController.swift */; };
		1ED1C8AA26A2B2EB00006E06 /* MenuDataSource.swift in Sources */ = {isa = PBXBuildFile; fileRef = 1ED1C8A626A2B2EB00006E06 /* MenuDataSource.swift */; };
		1ED1C8AF26A2B30700006E06 /* HumanStencilViewController.swift in Sources */ = {isa = PBXBuildFile; fileRef = 1ED1C8AD26A2B30700006E06 /* HumanStencilViewController.swift */; };
		1ED1C8B026A2B30700006E06 /* HumanStencil.storyboard in Resources */ = {isa = PBXBuildFile; fileRef = 1ED1C8AE26A2B30700006E06 /* HumanStencil.storyboard */; };
		1ED6B28826A5636700FBA225 /* YCbCrToRGBConverter.swift in Sources */ = {isa = PBXBuildFile; fileRef = 1ED6B28726A5636700FBA225 /* YCbCrToRGBConverter.swift */; };
/* End PBXBuildFile section */

/* Begin PBXContainerItemProxy section */
		1ED1C88726A2B1FB00006E06 /* PBXContainerItemProxy */ = {
			isa = PBXContainerItemProxy;
			containerPortal = 1ED1C86826A2B1F900006E06 /* Project object */;
			proxyType = 1;
			remoteGlobalIDString = 1ED1C86F26A2B1F900006E06;
			remoteInfo = ARKitExamples;
		};
		1ED1C89226A2B1FB00006E06 /* PBXContainerItemProxy */ = {
			isa = PBXContainerItemProxy;
			containerPortal = 1ED1C86826A2B1F900006E06 /* Project object */;
			proxyType = 1;
			remoteGlobalIDString = 1ED1C86F26A2B1F900006E06;
			remoteInfo = ARKitExamples;
		};
/* End PBXContainerItemProxy section */

/* Begin PBXFileReference section */
		1E30B33126A57FE00019CA0A /* BlitRenderer.swift */ = {isa = PBXFileReference; lastKnownFileType = sourcecode.swift; path = BlitRenderer.swift; sourceTree = "<group>"; };
		1E8671D626A4008E00B8F714 /* CVPixelBuffer+Ext.swift */ = {isa = PBXFileReference; fileEncoding = 4; lastKnownFileType = sourcecode.swift; path = "CVPixelBuffer+Ext.swift"; sourceTree = "<group>"; };
		1E8671D826A4025F00B8F714 /* ARFrame+Ext.swift */ = {isa = PBXFileReference; lastKnownFileType = sourcecode.swift; path = "ARFrame+Ext.swift"; sourceTree = "<group>"; };
		1E8671DA26A403A700B8F714 /* HumanStencilShaders.metal */ = {isa = PBXFileReference; fileEncoding = 4; lastKnownFileType = sourcecode.metal; path = HumanStencilShaders.metal; sourceTree = "<group>"; };
		1ED1C87026A2B1F900006E06 /* ARKitExamples.app */ = {isa = PBXFileReference; explicitFileType = wrapper.application; includeInIndex = 0; path = ARKitExamples.app; sourceTree = BUILT_PRODUCTS_DIR; };
		1ED1C87326A2B1F900006E06 /* AppDelegate.swift */ = {isa = PBXFileReference; lastKnownFileType = sourcecode.swift; path = AppDelegate.swift; sourceTree = "<group>"; };
		1ED1C87526A2B1F900006E06 /* SceneDelegate.swift */ = {isa = PBXFileReference; lastKnownFileType = sourcecode.swift; path = SceneDelegate.swift; sourceTree = "<group>"; };
		1ED1C87726A2B1F900006E06 /* ViewController.swift */ = {isa = PBXFileReference; lastKnownFileType = sourcecode.swift; path = ViewController.swift; sourceTree = "<group>"; };
		1ED1C87C26A2B1FB00006E06 /* Assets.xcassets */ = {isa = PBXFileReference; lastKnownFileType = folder.assetcatalog; path = Assets.xcassets; sourceTree = "<group>"; };
		1ED1C87F26A2B1FB00006E06 /* Base */ = {isa = PBXFileReference; lastKnownFileType = file.storyboard; name = Base; path = Base.lproj/LaunchScreen.storyboard; sourceTree = "<group>"; };
		1ED1C88126A2B1FB00006E06 /* Info.plist */ = {isa = PBXFileReference; lastKnownFileType = text.plist.xml; path = Info.plist; sourceTree = "<group>"; };
		1ED1C88626A2B1FB00006E06 /* ARKitExamplesTests.xctest */ = {isa = PBXFileReference; explicitFileType = wrapper.cfbundle; includeInIndex = 0; path = ARKitExamplesTests.xctest; sourceTree = BUILT_PRODUCTS_DIR; };
		1ED1C88A26A2B1FB00006E06 /* ARKitExamplesTests.swift */ = {isa = PBXFileReference; lastKnownFileType = sourcecode.swift; path = ARKitExamplesTests.swift; sourceTree = "<group>"; };
		1ED1C88C26A2B1FB00006E06 /* Info.plist */ = {isa = PBXFileReference; lastKnownFileType = text.plist.xml; path = Info.plist; sourceTree = "<group>"; };
		1ED1C89126A2B1FB00006E06 /* ARKitExamplesUITests.xctest */ = {isa = PBXFileReference; explicitFileType = wrapper.cfbundle; includeInIndex = 0; path = ARKitExamplesUITests.xctest; sourceTree = BUILT_PRODUCTS_DIR; };
		1ED1C89526A2B1FB00006E06 /* ARKitExamplesUITests.swift */ = {isa = PBXFileReference; lastKnownFileType = sourcecode.swift; path = ARKitExamplesUITests.swift; sourceTree = "<group>"; };
		1ED1C89726A2B1FB00006E06 /* Info.plist */ = {isa = PBXFileReference; lastKnownFileType = text.plist.xml; path = Info.plist; sourceTree = "<group>"; };
		1ED1C8A326A2B2EB00006E06 /* Main.storyboard */ = {isa = PBXFileReference; fileEncoding = 4; lastKnownFileType = file.storyboard; path = Main.storyboard; sourceTree = "<group>"; };
		1ED1C8A426A2B2EB00006E06 /* MenuItemCell.swift */ = {isa = PBXFileReference; fileEncoding = 4; lastKnownFileType = sourcecode.swift; path = MenuItemCell.swift; sourceTree = "<group>"; };
		1ED1C8A526A2B2EB00006E06 /* MenuViewController.swift */ = {isa = PBXFileReference; fileEncoding = 4; lastKnownFileType = sourcecode.swift; path = MenuViewController.swift; sourceTree = "<group>"; };
		1ED1C8A626A2B2EB00006E06 /* MenuDataSource.swift */ = {isa = PBXFileReference; fileEncoding = 4; lastKnownFileType = sourcecode.swift; path = MenuDataSource.swift; sourceTree = "<group>"; };
		1ED1C8AD26A2B30700006E06 /* HumanStencilViewController.swift */ = {isa = PBXFileReference; fileEncoding = 4; lastKnownFileType = sourcecode.swift; path = HumanStencilViewController.swift; sourceTree = "<group>"; };
		1ED1C8AE26A2B30700006E06 /* HumanStencil.storyboard */ = {isa = PBXFileReference; fileEncoding = 4; lastKnownFileType = file.storyboard; path = HumanStencil.storyboard; sourceTree = "<group>"; };
		1ED6B28726A5636700FBA225 /* YCbCrToRGBConverter.swift */ = {isa = PBXFileReference; lastKnownFileType = sourcecode.swift; path = YCbCrToRGBConverter.swift; sourceTree = "<group>"; };
		1ED6B28D26A5685000FBA225 /* ShaderTypes.h */ = {isa = PBXFileReference; fileEncoding = 4; lastKnownFileType = sourcecode.c.h; path = ShaderTypes.h; sourceTree = "<group>"; };
/* End PBXFileReference section */

/* Begin PBXFrameworksBuildPhase section */
		1ED1C86D26A2B1F900006E06 /* Frameworks */ = {
			isa = PBXFrameworksBuildPhase;
			buildActionMask = 2147483647;
			files = (
			);
			runOnlyForDeploymentPostprocessing = 0;
		};
		1ED1C88326A2B1FB00006E06 /* Frameworks */ = {
			isa = PBXFrameworksBuildPhase;
			buildActionMask = 2147483647;
			files = (
			);
			runOnlyForDeploymentPostprocessing = 0;
		};
		1ED1C88E26A2B1FB00006E06 /* Frameworks */ = {
			isa = PBXFrameworksBuildPhase;
			buildActionMask = 2147483647;
			files = (
			);
			runOnlyForDeploymentPostprocessing = 0;
		};
/* End PBXFrameworksBuildPhase section */

/* Begin PBXGroup section */
		1E8671D526A4008300B8F714 /* Common */ = {
			isa = PBXGroup;
			children = (
				1E8671D626A4008E00B8F714 /* CVPixelBuffer+Ext.swift */,
				1E8671D826A4025F00B8F714 /* ARFrame+Ext.swift */,
				1ED6B28726A5636700FBA225 /* YCbCrToRGBConverter.swift */,
				1E30B33126A57FE00019CA0A /* BlitRenderer.swift */,
			);
			path = Common;
			sourceTree = "<group>";
		};
		1ED1C86726A2B1F900006E06 = {
			isa = PBXGroup;
			children = (
				1ED1C87226A2B1F900006E06 /* ARKitExamples */,
				1ED1C88926A2B1FB00006E06 /* ARKitExamplesTests */,
				1ED1C89426A2B1FB00006E06 /* ARKitExamplesUITests */,
				1ED1C87126A2B1F900006E06 /* Products */,
			);
			sourceTree = "<group>";
		};
		1ED1C87126A2B1F900006E06 /* Products */ = {
			isa = PBXGroup;
			children = (
				1ED1C87026A2B1F900006E06 /* ARKitExamples.app */,
				1ED1C88626A2B1FB00006E06 /* ARKitExamplesTests.xctest */,
				1ED1C89126A2B1FB00006E06 /* ARKitExamplesUITests.xctest */,
			);
			name = Products;
			sourceTree = "<group>";
		};
		1ED1C87226A2B1F900006E06 /* ARKitExamples */ = {
			isa = PBXGroup;
			children = (
				1ED1C87326A2B1F900006E06 /* AppDelegate.swift */,
				1ED1C87526A2B1F900006E06 /* SceneDelegate.swift */,
				1ED1C87726A2B1F900006E06 /* ViewController.swift */,
				1ED1C8A326A2B2EB00006E06 /* Main.storyboard */,
				1ED1C8A626A2B2EB00006E06 /* MenuDataSource.swift */,
				1ED1C8A426A2B2EB00006E06 /* MenuItemCell.swift */,
				1ED1C8A526A2B2EB00006E06 /* MenuViewController.swift */,
				1ED1C8AB26A2B2EF00006E06 /* Samples */,
				1ED1C87C26A2B1FB00006E06 /* Assets.xcassets */,
				1ED1C87E26A2B1FB00006E06 /* LaunchScreen.storyboard */,
				1ED1C88126A2B1FB00006E06 /* Info.plist */,
			);
			path = ARKitExamples;
			sourceTree = "<group>";
		};
		1ED1C88926A2B1FB00006E06 /* ARKitExamplesTests */ = {
			isa = PBXGroup;
			children = (
				1ED1C88A26A2B1FB00006E06 /* ARKitExamplesTests.swift */,
				1ED1C88C26A2B1FB00006E06 /* Info.plist */,
			);
			path = ARKitExamplesTests;
			sourceTree = "<group>";
		};
		1ED1C89426A2B1FB00006E06 /* ARKitExamplesUITests */ = {
			isa = PBXGroup;
			children = (
				1ED1C89526A2B1FB00006E06 /* ARKitExamplesUITests.swift */,
				1ED1C89726A2B1FB00006E06 /* Info.plist */,
			);
			path = ARKitExamplesUITests;
			sourceTree = "<group>";
		};
		1ED1C8AB26A2B2EF00006E06 /* Samples */ = {
			isa = PBXGroup;
			children = (
				1E8671D526A4008300B8F714 /* Common */,
				1ED1C8AC26A2B2FC00006E06 /* HumanStencil */,
			);
			path = Samples;
			sourceTree = "<group>";
		};
		1ED1C8AC26A2B2FC00006E06 /* HumanStencil */ = {
			isa = PBXGroup;
			children = (
				1ED1C8AE26A2B30700006E06 /* HumanStencil.storyboard */,
				1ED1C8AD26A2B30700006E06 /* HumanStencilViewController.swift */,
				1ED6B28D26A5685000FBA225 /* ShaderTypes.h */,
				1E8671DA26A403A700B8F714 /* HumanStencilShaders.metal */,
			);
			path = HumanStencil;
			sourceTree = "<group>";
		};
/* End PBXGroup section */

/* Begin PBXNativeTarget section */
		1ED1C86F26A2B1F900006E06 /* ARKitExamples */ = {
			isa = PBXNativeTarget;
			buildConfigurationList = 1ED1C89A26A2B1FB00006E06 /* Build configuration list for PBXNativeTarget "ARKitExamples" */;
			buildPhases = (
				1ED1C86C26A2B1F900006E06 /* Sources */,
				1ED1C86D26A2B1F900006E06 /* Frameworks */,
				1ED1C86E26A2B1F900006E06 /* Resources */,
			);
			buildRules = (
			);
			dependencies = (
			);
			name = ARKitExamples;
			productName = ARKitExamples;
			productReference = 1ED1C87026A2B1F900006E06 /* ARKitExamples.app */;
			productType = "com.apple.product-type.application";
		};
		1ED1C88526A2B1FB00006E06 /* ARKitExamplesTests */ = {
			isa = PBXNativeTarget;
			buildConfigurationList = 1ED1C89D26A2B1FB00006E06 /* Build configuration list for PBXNativeTarget "ARKitExamplesTests" */;
			buildPhases = (
				1ED1C88226A2B1FB00006E06 /* Sources */,
				1ED1C88326A2B1FB00006E06 /* Frameworks */,
				1ED1C88426A2B1FB00006E06 /* Resources */,
			);
			buildRules = (
			);
			dependencies = (
				1ED1C88826A2B1FB00006E06 /* PBXTargetDependency */,
			);
			name = ARKitExamplesTests;
			productName = ARKitExamplesTests;
			productReference = 1ED1C88626A2B1FB00006E06 /* ARKitExamplesTests.xctest */;
			productType = "com.apple.product-type.bundle.unit-test";
		};
		1ED1C89026A2B1FB00006E06 /* ARKitExamplesUITests */ = {
			isa = PBXNativeTarget;
			buildConfigurationList = 1ED1C8A026A2B1FB00006E06 /* Build configuration list for PBXNativeTarget "ARKitExamplesUITests" */;
			buildPhases = (
				1ED1C88D26A2B1FB00006E06 /* Sources */,
				1ED1C88E26A2B1FB00006E06 /* Frameworks */,
				1ED1C88F26A2B1FB00006E06 /* Resources */,
			);
			buildRules = (
			);
			dependencies = (
				1ED1C89326A2B1FB00006E06 /* PBXTargetDependency */,
			);
			name = ARKitExamplesUITests;
			productName = ARKitExamplesUITests;
			productReference = 1ED1C89126A2B1FB00006E06 /* ARKitExamplesUITests.xctest */;
			productType = "com.apple.product-type.bundle.ui-testing";
		};
/* End PBXNativeTarget section */

/* Begin PBXProject section */
		1ED1C86826A2B1F900006E06 /* Project object */ = {
			isa = PBXProject;
			attributes = {
				LastSwiftUpdateCheck = 1250;
				LastUpgradeCheck = 1250;
				TargetAttributes = {
					1ED1C86F26A2B1F900006E06 = {
						CreatedOnToolsVersion = 12.5.1;
					};
					1ED1C88526A2B1FB00006E06 = {
						CreatedOnToolsVersion = 12.5.1;
						TestTargetID = 1ED1C86F26A2B1F900006E06;
					};
					1ED1C89026A2B1FB00006E06 = {
						CreatedOnToolsVersion = 12.5.1;
						TestTargetID = 1ED1C86F26A2B1F900006E06;
					};
				};
			};
			buildConfigurationList = 1ED1C86B26A2B1F900006E06 /* Build configuration list for PBXProject "ARKitExamples" */;
			compatibilityVersion = "Xcode 9.3";
			developmentRegion = en;
			hasScannedForEncodings = 0;
			knownRegions = (
				en,
				Base,
			);
			mainGroup = 1ED1C86726A2B1F900006E06;
			productRefGroup = 1ED1C87126A2B1F900006E06 /* Products */;
			projectDirPath = "";
			projectRoot = "";
			targets = (
				1ED1C86F26A2B1F900006E06 /* ARKitExamples */,
				1ED1C88526A2B1FB00006E06 /* ARKitExamplesTests */,
				1ED1C89026A2B1FB00006E06 /* ARKitExamplesUITests */,
			);
		};
/* End PBXProject section */

/* Begin PBXResourcesBuildPhase section */
		1ED1C86E26A2B1F900006E06 /* Resources */ = {
			isa = PBXResourcesBuildPhase;
			buildActionMask = 2147483647;
			files = (
				1ED1C8A726A2B2EB00006E06 /* Main.storyboard in Resources */,
				1ED1C8B026A2B30700006E06 /* HumanStencil.storyboard in Resources */,
				1ED1C88026A2B1FB00006E06 /* LaunchScreen.storyboard in Resources */,
				1ED1C87D26A2B1FB00006E06 /* Assets.xcassets in Resources */,
			);
			runOnlyForDeploymentPostprocessing = 0;
		};
		1ED1C88426A2B1FB00006E06 /* Resources */ = {
			isa = PBXResourcesBuildPhase;
			buildActionMask = 2147483647;
			files = (
			);
			runOnlyForDeploymentPostprocessing = 0;
		};
		1ED1C88F26A2B1FB00006E06 /* Resources */ = {
			isa = PBXResourcesBuildPhase;
			buildActionMask = 2147483647;
			files = (
			);
			runOnlyForDeploymentPostprocessing = 0;
		};
/* End PBXResourcesBuildPhase section */

/* Begin PBXSourcesBuildPhase section */
		1ED1C86C26A2B1F900006E06 /* Sources */ = {
			isa = PBXSourcesBuildPhase;
			buildActionMask = 2147483647;
			files = (
				1E8671D926A4025F00B8F714 /* ARFrame+Ext.swift in Sources */,
				1ED1C87826A2B1F900006E06 /* ViewController.swift in Sources */,
				1ED1C8A926A2B2EB00006E06 /* MenuViewController.swift in Sources */,
				1ED1C8A826A2B2EB00006E06 /* MenuItemCell.swift in Sources */,
				1E30B33226A57FE00019CA0A /* BlitRenderer.swift in Sources */,
				1E8671DB26A403A700B8F714 /* HumanStencilShaders.metal in Sources */,
				1E8671D726A4008E00B8F714 /* CVPixelBuffer+Ext.swift in Sources */,
				1ED6B28826A5636700FBA225 /* YCbCrToRGBConverter.swift in Sources */,
				1ED1C8AA26A2B2EB00006E06 /* MenuDataSource.swift in Sources */,
				1ED1C87426A2B1F900006E06 /* AppDelegate.swift in Sources */,
				1ED1C87626A2B1F900006E06 /* SceneDelegate.swift in Sources */,
				1ED1C8AF26A2B30700006E06 /* HumanStencilViewController.swift in Sources */,
			);
			runOnlyForDeploymentPostprocessing = 0;
		};
		1ED1C88226A2B1FB00006E06 /* Sources */ = {
			isa = PBXSourcesBuildPhase;
			buildActionMask = 2147483647;
			files = (
				1ED1C88B26A2B1FB00006E06 /* ARKitExamplesTests.swift in Sources */,
			);
			runOnlyForDeploymentPostprocessing = 0;
		};
		1ED1C88D26A2B1FB00006E06 /* Sources */ = {
			isa = PBXSourcesBuildPhase;
			buildActionMask = 2147483647;
			files = (
				1ED1C89626A2B1FB00006E06 /* ARKitExamplesUITests.swift in Sources */,
			);
			runOnlyForDeploymentPostprocessing = 0;
		};
/* End PBXSourcesBuildPhase section */

/* Begin PBXTargetDependency section */
		1ED1C88826A2B1FB00006E06 /* PBXTargetDependency */ = {
			isa = PBXTargetDependency;
			target = 1ED1C86F26A2B1F900006E06 /* ARKitExamples */;
			targetProxy = 1ED1C88726A2B1FB00006E06 /* PBXContainerItemProxy */;
		};
		1ED1C89326A2B1FB00006E06 /* PBXTargetDependency */ = {
			isa = PBXTargetDependency;
			target = 1ED1C86F26A2B1F900006E06 /* ARKitExamples */;
			targetProxy = 1ED1C89226A2B1FB00006E06 /* PBXContainerItemProxy */;
		};
/* End PBXTargetDependency section */

/* Begin PBXVariantGroup section */
		1ED1C87E26A2B1FB00006E06 /* LaunchScreen.storyboard */ = {
			isa = PBXVariantGroup;
			children = (
				1ED1C87F26A2B1FB00006E06 /* Base */,
			);
			name = LaunchScreen.storyboard;
			sourceTree = "<group>";
		};
/* End PBXVariantGroup section */

/* Begin XCBuildConfiguration section */
		1ED1C89826A2B1FB00006E06 /* Debug */ = {
			isa = XCBuildConfiguration;
			buildSettings = {
				ALWAYS_SEARCH_USER_PATHS = NO;
				CLANG_ANALYZER_NONNULL = YES;
				CLANG_ANALYZER_NUMBER_OBJECT_CONVERSION = YES_AGGRESSIVE;
				CLANG_CXX_LANGUAGE_STANDARD = "gnu++14";
				CLANG_CXX_LIBRARY = "libc++";
				CLANG_ENABLE_MODULES = YES;
				CLANG_ENABLE_OBJC_ARC = YES;
				CLANG_ENABLE_OBJC_WEAK = YES;
				CLANG_WARN_BLOCK_CAPTURE_AUTORELEASING = YES;
				CLANG_WARN_BOOL_CONVERSION = YES;
				CLANG_WARN_COMMA = YES;
				CLANG_WARN_CONSTANT_CONVERSION = YES;
				CLANG_WARN_DEPRECATED_OBJC_IMPLEMENTATIONS = YES;
				CLANG_WARN_DIRECT_OBJC_ISA_USAGE = YES_ERROR;
				CLANG_WARN_DOCUMENTATION_COMMENTS = YES;
				CLANG_WARN_EMPTY_BODY = YES;
				CLANG_WARN_ENUM_CONVERSION = YES;
				CLANG_WARN_INFINITE_RECURSION = YES;
				CLANG_WARN_INT_CONVERSION = YES;
				CLANG_WARN_NON_LITERAL_NULL_CONVERSION = YES;
				CLANG_WARN_OBJC_IMPLICIT_RETAIN_SELF = YES;
				CLANG_WARN_OBJC_LITERAL_CONVERSION = YES;
				CLANG_WARN_OBJC_ROOT_CLASS = YES_ERROR;
				CLANG_WARN_QUOTED_INCLUDE_IN_FRAMEWORK_HEADER = YES;
				CLANG_WARN_RANGE_LOOP_ANALYSIS = YES;
				CLANG_WARN_STRICT_PROTOTYPES = YES;
				CLANG_WARN_SUSPICIOUS_MOVE = YES;
				CLANG_WARN_UNGUARDED_AVAILABILITY = YES_AGGRESSIVE;
				CLANG_WARN_UNREACHABLE_CODE = YES;
				CLANG_WARN__DUPLICATE_METHOD_MATCH = YES;
				COPY_PHASE_STRIP = NO;
				DEBUG_INFORMATION_FORMAT = dwarf;
				ENABLE_STRICT_OBJC_MSGSEND = YES;
				ENABLE_TESTABILITY = YES;
				GCC_C_LANGUAGE_STANDARD = gnu11;
				GCC_DYNAMIC_NO_PIC = NO;
				GCC_NO_COMMON_BLOCKS = YES;
				GCC_OPTIMIZATION_LEVEL = 0;
				GCC_PREPROCESSOR_DEFINITIONS = (
					"DEBUG=1",
					"$(inherited)",
				);
				GCC_WARN_64_TO_32_BIT_CONVERSION = YES;
				GCC_WARN_ABOUT_RETURN_TYPE = YES_ERROR;
				GCC_WARN_UNDECLARED_SELECTOR = YES;
				GCC_WARN_UNINITIALIZED_AUTOS = YES_AGGRESSIVE;
				GCC_WARN_UNUSED_FUNCTION = YES;
				GCC_WARN_UNUSED_VARIABLE = YES;
				IPHONEOS_DEPLOYMENT_TARGET = 14.5;
				MTL_ENABLE_DEBUG_INFO = INCLUDE_SOURCE;
				MTL_FAST_MATH = YES;
				ONLY_ACTIVE_ARCH = YES;
				SDKROOT = iphoneos;
				SWIFT_ACTIVE_COMPILATION_CONDITIONS = DEBUG;
				SWIFT_OPTIMIZATION_LEVEL = "-Onone";
			};
			name = Debug;
		};
		1ED1C89926A2B1FB00006E06 /* Release */ = {
			isa = XCBuildConfiguration;
			buildSettings = {
				ALWAYS_SEARCH_USER_PATHS = NO;
				CLANG_ANALYZER_NONNULL = YES;
				CLANG_ANALYZER_NUMBER_OBJECT_CONVERSION = YES_AGGRESSIVE;
				CLANG_CXX_LANGUAGE_STANDARD = "gnu++14";
				CLANG_CXX_LIBRARY = "libc++";
				CLANG_ENABLE_MODULES = YES;
				CLANG_ENABLE_OBJC_ARC = YES;
				CLANG_ENABLE_OBJC_WEAK = YES;
				CLANG_WARN_BLOCK_CAPTURE_AUTORELEASING = YES;
				CLANG_WARN_BOOL_CONVERSION = YES;
				CLANG_WARN_COMMA = YES;
				CLANG_WARN_CONSTANT_CONVERSION = YES;
				CLANG_WARN_DEPRECATED_OBJC_IMPLEMENTATIONS = YES;
				CLANG_WARN_DIRECT_OBJC_ISA_USAGE = YES_ERROR;
				CLANG_WARN_DOCUMENTATION_COMMENTS = YES;
				CLANG_WARN_EMPTY_BODY = YES;
				CLANG_WARN_ENUM_CONVERSION = YES;
				CLANG_WARN_INFINITE_RECURSION = YES;
				CLANG_WARN_INT_CONVERSION = YES;
				CLANG_WARN_NON_LITERAL_NULL_CONVERSION = YES;
				CLANG_WARN_OBJC_IMPLICIT_RETAIN_SELF = YES;
				CLANG_WARN_OBJC_LITERAL_CONVERSION = YES;
				CLANG_WARN_OBJC_ROOT_CLASS = YES_ERROR;
				CLANG_WARN_QUOTED_INCLUDE_IN_FRAMEWORK_HEADER = YES;
				CLANG_WARN_RANGE_LOOP_ANALYSIS = YES;
				CLANG_WARN_STRICT_PROTOTYPES = YES;
				CLANG_WARN_SUSPICIOUS_MOVE = YES;
				CLANG_WARN_UNGUARDED_AVAILABILITY = YES_AGGRESSIVE;
				CLANG_WARN_UNREACHABLE_CODE = YES;
				CLANG_WARN__DUPLICATE_METHOD_MATCH = YES;
				COPY_PHASE_STRIP = NO;
				DEBUG_INFORMATION_FORMAT = "dwarf-with-dsym";
				ENABLE_NS_ASSERTIONS = NO;
				ENABLE_STRICT_OBJC_MSGSEND = YES;
				GCC_C_LANGUAGE_STANDARD = gnu11;
				GCC_NO_COMMON_BLOCKS = YES;
				GCC_WARN_64_TO_32_BIT_CONVERSION = YES;
				GCC_WARN_ABOUT_RETURN_TYPE = YES_ERROR;
				GCC_WARN_UNDECLARED_SELECTOR = YES;
				GCC_WARN_UNINITIALIZED_AUTOS = YES_AGGRESSIVE;
				GCC_WARN_UNUSED_FUNCTION = YES;
				GCC_WARN_UNUSED_VARIABLE = YES;
				IPHONEOS_DEPLOYMENT_TARGET = 14.5;
				MTL_ENABLE_DEBUG_INFO = NO;
				MTL_FAST_MATH = YES;
				SDKROOT = iphoneos;
				SWIFT_COMPILATION_MODE = wholemodule;
				SWIFT_OPTIMIZATION_LEVEL = "-O";
				VALIDATE_PRODUCT = YES;
			};
			name = Release;
		};
		1ED1C89B26A2B1FB00006E06 /* Debug */ = {
			isa = XCBuildConfiguration;
			buildSettings = {
				ASSETCATALOG_COMPILER_APPICON_NAME = AppIcon;
				ASSETCATALOG_COMPILER_GLOBAL_ACCENT_COLOR_NAME = AccentColor;
				CODE_SIGN_STYLE = Automatic;
				DEVELOPMENT_TEAM = P67QP7Z567;
				INFOPLIST_FILE = ARKitExamples/Info.plist;
				LD_RUNPATH_SEARCH_PATHS = (
					"$(inherited)",
					"@executable_path/Frameworks",
				);
				PRODUCT_BUNDLE_IDENTIFIER = Examples.app.ARKitExamples;
				PRODUCT_NAME = "$(TARGET_NAME)";
				SWIFT_OBJC_BRIDGING_HEADER = ARKitExamples/Samples/HumanStencil/ShaderTypes.h;
				SWIFT_VERSION = 5.0;
				TARGETED_DEVICE_FAMILY = "1,2";
			};
			name = Debug;
		};
		1ED1C89C26A2B1FB00006E06 /* Release */ = {
			isa = XCBuildConfiguration;
			buildSettings = {
				ASSETCATALOG_COMPILER_APPICON_NAME = AppIcon;
				ASSETCATALOG_COMPILER_GLOBAL_ACCENT_COLOR_NAME = AccentColor;
				CODE_SIGN_STYLE = Automatic;
				DEVELOPMENT_TEAM = P67QP7Z567;
				INFOPLIST_FILE = ARKitExamples/Info.plist;
				LD_RUNPATH_SEARCH_PATHS = (
					"$(inherited)",
					"@executable_path/Frameworks",
				);
				PRODUCT_BUNDLE_IDENTIFIER = Examples.app.ARKitExamples;
				PRODUCT_NAME = "$(TARGET_NAME)";
				SWIFT_OBJC_BRIDGING_HEADER = ARKitExamples/Samples/HumanStencil/ShaderTypes.h;
				SWIFT_VERSION = 5.0;
				TARGETED_DEVICE_FAMILY = "1,2";
			};
			name = Release;
		};
		1ED1C89E26A2B1FB00006E06 /* Debug */ = {
			isa = XCBuildConfiguration;
			buildSettings = {
				ALWAYS_EMBED_SWIFT_STANDARD_LIBRARIES = YES;
				BUNDLE_LOADER = "$(TEST_HOST)";
				CODE_SIGN_STYLE = Automatic;
				DEVELOPMENT_TEAM = P67QP7Z567;
				INFOPLIST_FILE = ARKitExamplesTests/Info.plist;
				IPHONEOS_DEPLOYMENT_TARGET = 14.5;
				LD_RUNPATH_SEARCH_PATHS = (
					"$(inherited)",
					"@executable_path/Frameworks",
					"@loader_path/Frameworks",
				);
				PRODUCT_BUNDLE_IDENTIFIER = Examples.app.ARKitExamplesTests;
				PRODUCT_NAME = "$(TARGET_NAME)";
				SWIFT_VERSION = 5.0;
				TARGETED_DEVICE_FAMILY = "1,2";
				TEST_HOST = "$(BUILT_PRODUCTS_DIR)/ARKitExamples.app/ARKitExamples";
			};
			name = Debug;
		};
		1ED1C89F26A2B1FB00006E06 /* Release */ = {
			isa = XCBuildConfiguration;
			buildSettings = {
				ALWAYS_EMBED_SWIFT_STANDARD_LIBRARIES = YES;
				BUNDLE_LOADER = "$(TEST_HOST)";
				CODE_SIGN_STYLE = Automatic;
				DEVELOPMENT_TEAM = P67QP7Z567;
				INFOPLIST_FILE = ARKitExamplesTests/Info.plist;
				IPHONEOS_DEPLOYMENT_TARGET = 14.5;
				LD_RUNPATH_SEARCH_PATHS = (
					"$(inherited)",
					"@executable_path/Frameworks",
					"@loader_path/Frameworks",
				);
				PRODUCT_BUNDLE_IDENTIFIER = Examples.app.ARKitExamplesTests;
				PRODUCT_NAME = "$(TARGET_NAME)";
				SWIFT_VERSION = 5.0;
				TARGETED_DEVICE_FAMILY = "1,2";
				TEST_HOST = "$(BUILT_PRODUCTS_DIR)/ARKitExamples.app/ARKitExamples";
			};
			name = Release;
		};
		1ED1C8A126A2B1FB00006E06 /* Debug */ = {
			isa = XCBuildConfiguration;
			buildSettings = {
				ALWAYS_EMBED_SWIFT_STANDARD_LIBRARIES = YES;
				CODE_SIGN_STYLE = Automatic;
				DEVELOPMENT_TEAM = P67QP7Z567;
				INFOPLIST_FILE = ARKitExamplesUITests/Info.plist;
				LD_RUNPATH_SEARCH_PATHS = (
					"$(inherited)",
					"@executable_path/Frameworks",
					"@loader_path/Frameworks",
				);
				PRODUCT_BUNDLE_IDENTIFIER = Examples.app.ARKitExamplesUITests;
				PRODUCT_NAME = "$(TARGET_NAME)";
				SWIFT_VERSION = 5.0;
				TARGETED_DEVICE_FAMILY = "1,2";
				TEST_TARGET_NAME = ARKitExamples;
			};
			name = Debug;
		};
		1ED1C8A226A2B1FB00006E06 /* Release */ = {
			isa = XCBuildConfiguration;
			buildSettings = {
				ALWAYS_EMBED_SWIFT_STANDARD_LIBRARIES = YES;
				CODE_SIGN_STYLE = Automatic;
				DEVELOPMENT_TEAM = P67QP7Z567;
				INFOPLIST_FILE = ARKitExamplesUITests/Info.plist;
				LD_RUNPATH_SEARCH_PATHS = (
					"$(inherited)",
					"@executable_path/Frameworks",
					"@loader_path/Frameworks",
				);
				PRODUCT_BUNDLE_IDENTIFIER = Examples.app.ARKitExamplesUITests;
				PRODUCT_NAME = "$(TARGET_NAME)";
				SWIFT_VERSION = 5.0;
				TARGETED_DEVICE_FAMILY = "1,2";
				TEST_TARGET_NAME = ARKitExamples;
			};
			name = Release;
		};
/* End XCBuildConfiguration section */

/* Begin XCConfigurationList section */
		1ED1C86B26A2B1F900006E06 /* Build configuration list for PBXProject "ARKitExamples" */ = {
			isa = XCConfigurationList;
			buildConfigurations = (
				1ED1C89826A2B1FB00006E06 /* Debug */,
				1ED1C89926A2B1FB00006E06 /* Release */,
			);
			defaultConfigurationIsVisible = 0;
			defaultConfigurationName = Release;
		};
		1ED1C89A26A2B1FB00006E06 /* Build configuration list for PBXNativeTarget "ARKitExamples" */ = {
			isa = XCConfigurationList;
			buildConfigurations = (
				1ED1C89B26A2B1FB00006E06 /* Debug */,
				1ED1C89C26A2B1FB00006E06 /* Release */,
			);
			defaultConfigurationIsVisible = 0;
			defaultConfigurationName = Release;
		};
		1ED1C89D26A2B1FB00006E06 /* Build configuration list for PBXNativeTarget "ARKitExamplesTests" */ = {
			isa = XCConfigurationList;
			buildConfigurations = (
				1ED1C89E26A2B1FB00006E06 /* Debug */,
				1ED1C89F26A2B1FB00006E06 /* Release */,
			);
			defaultConfigurationIsVisible = 0;
			defaultConfigurationName = Release;
		};
		1ED1C8A026A2B1FB00006E06 /* Build configuration list for PBXNativeTarget "ARKitExamplesUITests" */ = {
			isa = XCConfigurationList;
			buildConfigurations = (
				1ED1C8A126A2B1FB00006E06 /* Debug */,
				1ED1C8A226A2B1FB00006E06 /* Release */,
			);
			defaultConfigurationIsVisible = 0;
			defaultConfigurationName = Release;
		};
/* End XCConfigurationList section */
	};
	rootObject = 1ED1C86826A2B1F900006E06 /* Project object */;
}
